
Microsoft Visual Studio Solution File, Format Version 10.00
# Visual Studio 2008
Project("{8BC9CEB8-8B4A-11D0-8D11-00A0C91BC942}") = "UART", "UART\UART.vcproj", "{4A7D326A-62D3-47C3-91EA-5C2F1CDFE0A4}"
EndProject
Global
	GlobalSection(SolutionConfigurationPlatforms) = preSolution
		Debug|Win32 = Debug|Win32
		Release|Win32 = Release|Win32
	EndGlobalSection
	GlobalSection(ProjectConfigurationPlatforms) = postSolution
		{4A7D326A-62D3-47C3-91EA-5C2F1CDFE0A4}.Debug|Win32.ActiveCfg = Debug|Win32
		{4A7D326A-62D3-47C3-91EA-5C2F1CDFE0A4}.Debug|Win32.Build.0 = Debug|Win32
		{4A7D326A-62D3-47C3-91EA-5C2F1CDFE0A4}.Release|Win32.ActiveCfg = Release|Win32
		{4A7D326A-62D3-47C3-91EA-5C2F1CDFE0A4}.Release|Win32.Build.0 = Release|Win32
	EndGlobalSection
	GlobalSection(SolutionProperties) = preSolution
		HideSolutionNode = FALSE
	EndGlobalSection
EndGlobal
